
Microsoft Visual Studio Solution File, Format Version 12.00
# Visual Studio 15
VisualStudioVersion = 15.0.27130.2036
MinimumVisualStudioVersion = 10.0.40219.1
Project("{FAE04EC0-301F-11D3-BF4B-00C04F79EFBC}") = "MediApp", "MediApp\MediApp.csproj", "{E0981F8A-3C66-46D3-9A0F-970A6182E49D}"
EndProject
Global
	GlobalSection(SolutionConfigurationPlatforms) = preSolution
		Debug|Any CPU = Debug|Any CPU
		Release|Any CPU = Release|Any CPU
	EndGlobalSection
	GlobalSection(ProjectConfigurationPlatforms) = postSolution
		{E0981F8A-3C66-46D3-9A0F-970A6182E49D}.Debug|Any CPU.ActiveCfg = Debug|Any CPU
		{E0981F8A-3C66-46D3-9A0F-970A6182E49D}.Debug|Any CPU.Build.0 = Debug|Any CPU
		{E0981F8A-3C66-46D3-9A0F-970A6182E49D}.Release|Any CPU.ActiveCfg = Release|Any CPU
		{E0981F8A-3C66-46D3-9A0F-970A6182E49D}.Release|Any CPU.Build.0 = Release|Any CPU
	EndGlobalSection
	GlobalSection(SolutionProperties) = preSolution
		HideSolutionNode = FALSE
	EndGlobalSection
	GlobalSection(ExtensibilityGlobals) = postSolution
		SolutionGuid = {87F78F71-8954-45D1-BA8A-A959F0AE9E8B}
	EndGlobalSection
EndGlobal
